PODS:
  - IQKeyboardCore (1.0.9)
  - IQKeyboardManagerSwift/Core (8.0.3):
    - IQKeyboardNotification
    - IQTextInputViewNotification
  - IQKeyboardManagerSwift/IQKeyboardToolbarManager (8.0.3):
    - IQKeyboardManagerSwift/Core
    - IQKeyboardToolbarManager
  - IQKeyboardNotification (1.0.7)
  - IQKeyboardToolbar (1.1.5):
    - IQKeyboardToolbar/Core (= 1.1.5)
  - IQKeyboardToolbar/Core (1.1.5):
    - IQKeyboardCore
    - IQKeyboardToolbar/Placeholderable
  - IQKeyboardToolbar/Placeholderable (1.1.5)
  - IQKeyboardToolbarManager (1.1.6):
    - IQKeyboardToolbar
    - IQTextInputViewNotification
  - IQTextInputViewNotification (1.0.9):
    - IQKeyboardCore

DEPENDENCIES:
  - IQKeyboardManagerSwift/IQKeyboardToolbarManager

SPEC REPOS:
  trunk:
    - IQKeyboardCore
    - IQKeyboardManagerSwift
    - IQKeyboardNotification
    - IQKeyboardToolbar
    - IQKeyboardToolbarManager
    - IQTextInputViewNotification

SPEC CHECKSUMS:
  IQKeyboardCore: 250a88dfc713b2ecbe1dce250811d054fc016959
  IQKeyboardManagerSwift: 7f6a9a1e2285732d3ff5f485ff921215253ea77e
  IQKeyboardNotification: 3b9bc812a5af2cf97df08a363d9daa9fc0dc1848
  IQKeyboardToolbar: b0f26e43b9e806e961fde2344fe379ae193236b9
  IQKeyboardToolbarManager: 242e858cc74e06e00aa989bea1355b24d4397854
  IQTextInputViewNotification: 3b9fb27a16e7ee8958cc9092cfb07a1a9e1fd559

PODFILE CHECKSUM: ab18189e8819061fa4b4f2abaf0831b217225854

COCOAPODS: 1.16.2
